<?xml version="1.0" encoding="utf-8"?>
<Project ToolsVersion="4.0" xmlns="http://schemas.microsoft.com/developer/msbuild/2003">
  <ItemGroup>
    <Filter Include="Source Files">
      <UniqueIdentifier>{4FC737F1-C7A5-4376-A066-2A32D752A2FF}</UniqueIdentifier>
      <Extensions>cpp;c;cc;cxx;def;odl;idl;hpj;bat;asm;asmx</Extensions>
    </Filter>
    <Filter Include="Header Files">
      <UniqueIdentifier>{93995380-89BD-4b04-88EB-625FBE52EBFB}</UniqueIdentifier>
      <Extensions>h;hh;hpp;hxx;hm;inl;inc;xsd</Extensions>
    </Filter>
    <Filter Include="Resource Files">
      <UniqueIdentifier>{D9D6E242-F8AF-46E4-B9FD-80ECBC20BA3E}</UniqueIdentifier>
      <Extensions>qrc;*</Extensions>
      <ParseFiles>false</ParseFiles>
    </Filter>
    <Filter Include="Form Files">
      <UniqueIdentifier>{99349809-55BA-4b9d-BF79-8FDBB0286EB3}</UniqueIdentifier>
      <Extensions>ui</Extensions>
    </Filter>
    <Filter Include="Resource Files">
      <UniqueIdentifier>{D9D6E242-F8AF-46E4-B9FD-80ECBC20BA3E}</UniqueIdentifier>
      <Extensions>qrc;*</Extensions>
      <ParseFiles>false</ParseFiles>
    </Filter>
    <Filter Include="doc">
      <UniqueIdentifier>{2fa6b796-d0c3-438c-901a-e51de3dafed3}</UniqueIdentifier>
    </Filter>
  </ItemGroup>
  <ItemGroup>
    <ClCompile Include="main.cpp">
      <Filter>Source Files</Filter>
    </ClCompile>
    <ClCompile Include="ffmpeg_in_action.cpp">
      <Filter>Source Files</Filter>
    </ClCompile>
  </ItemGroup>
  <ItemGroup>
    <QtMoc Include="ffmpeg_in_action.h">
      <Filter>Header Files</Filter>
    </QtMoc>
  </ItemGroup>
  <ItemGroup>
    <QtUic Include="ffmpeg_in_action.ui">
      <Filter>Form Files</Filter>
    </QtUic>
  </ItemGroup>
  <ItemGroup>
    <QtRcc Include="ffmpeg_in_action.qrc">
      <Filter>Resource Files</Filter>
    </QtRcc>
  </ItemGroup>
  <ItemGroup>
    <None Include="..\..\..\README.md">
      <Filter>doc</Filter>
    </None>
    <None Include="..\..\..\doc\ffmpeg基本概念.md">
      <Filter>doc</Filter>
    </None>
    <None Include="..\..\..\doc\音视频基本概念.md">
      <Filter>doc</Filter>
    </None>
    <None Include="..\..\..\doc\linux_rtmp_nginx_server.md">
      <Filter>doc</Filter>
    </None>
    <None Include="..\..\..\doc\cut_file.md">
      <Filter>doc</Filter>
    </None>
    <None Include="..\..\..\doc\ffmpeg_primary_develop.md">
      <Filter>doc</Filter>
    </None>
    <None Include="..\..\..\doc\ffmpeg_player_sdl2.md">
      <Filter>doc</Filter>
    </None>
    <None Include="..\..\..\doc\get_audio_date.md">
      <Filter>doc</Filter>
    </None>
    <None Include="..\..\..\doc\get_video_data.md">
      <Filter>doc</Filter>
    </None>
    <None Include="..\..\..\doc\mp4_to_flv.md">
      <Filter>doc</Filter>
    </None>
    <None Include="..\..\..\doc\av_seek_cut_file.md">
      <Filter>doc</Filter>
    </None>
  </ItemGroup>
</Project>